<?xml version="1.0" encoding="utf-8"?>
<Project ToolsVersion="4.0" xmlns="http://schemas.microsoft.com/developer/msbuild/2003">
  <ItemGroup>
    <Filter Include="Source Files">
      <UniqueIdentifier>{4FC737F1-C7A5-4376-A066-2A32D752A2FF}</UniqueIdentifier>
      <Extensions>cpp;c;cc;cxx;c++;cppm;ixx;def;odl;idl;hpj;bat;asm;asmx</Extensions>
    </Filter>
    <Filter Include="Header Files">
      <UniqueIdentifier>{93995380-89BD-4b04-88EB-625FBE52EBFB}</UniqueIdentifier>
      <Extensions>h;hh;hpp;hxx;h++;hm;inl;inc;ipp;xsd</Extensions>
    </Filter>
    <Filter Include="Resource Files">
      <UniqueIdentifier>{67DA6AB6-F800-4c08-8B7A-83BB121AAD01}</UniqueIdentifier>
      <Extensions>rc;ico;cur;bmp;dlg;rc2;rct;bin;rgs;gif;jpg;jpeg;jpe;resx;tiff;tif;png;wav;mfcribbon-ms</Extensions>
    </Filter>
    <Filter Include="Source Files\themmokhtar">
      <UniqueIdentifier>{1c102b4c-3cdc-4aaf-88ba-e4d16e8309bc}</UniqueIdentifier>
    </Filter>
    <Filter Include="themmokhtar">
      <UniqueIdentifier>{1bdb076a-fe97-4bbe-b94f-571bcea10c52}</UniqueIdentifier>
    </Filter>
    <Filter Include="themmokhtar\d3d11">
      <UniqueIdentifier>{b42c312d-f0ce-4598-8602-0ab9ec798b22}</UniqueIdentifier>
    </Filter>
    <Filter Include="kiero">
      <UniqueIdentifier>{9740e433-d8fd-4595-809c-0b00a2ac0b06}</UniqueIdentifier>
    </Filter>
  </ItemGroup>
  <ItemGroup>
    <ClInclude Include="pch.h">
      <Filter>Header Files</Filter>
    </ClInclude>
    <ClInclude Include="bot.hpp">
      <Filter>Header Files</Filter>
    </ClInclude>
    <ClInclude Include="framework.h">
      <Filter>Header Files</Filter>
    </ClInclude>
    <ClInclude Include="themmokhtar\d3d11\fingerprint.hpp">
      <Filter>themmokhtar\d3d11</Filter>
    </ClInclude>
    <ClInclude Include="themmokhtar\d3d11\shaders.hpp">
      <Filter>themmokhtar\d3d11</Filter>
    </ClInclude>
    <ClInclude Include="kiero\kiero.h">
      <Filter>kiero</Filter>
    </ClInclude>
  </ItemGroup>
  <ItemGroup>
    <ClCompile Include="dllmain.cpp">
      <Filter>Source Files</Filter>
    </ClCompile>
    <ClCompile Include="pch.cpp">
      <Filter>Source Files</Filter>
    </ClCompile>
    <ClCompile Include="bot.cpp">
      <Filter>Source Files</Filter>
    </ClCompile>
    <ClCompile Include="themmokhtar\d3d11\shaders.cpp">
      <Filter>themmokhtar\d3d11</Filter>
    </ClCompile>
    <ClCompile Include="themmokhtar\d3d11\fingerprint.cpp">
      <Filter>themmokhtar\d3d11</Filter>
    </ClCompile>
    <ClCompile Include="kiero\kiero.cpp">
      <Filter>kiero</Filter>
    </ClCompile>
  </ItemGroup>
  <ItemGroup>
    <None Include="vcpkg.json" />
  </ItemGroup>
  <ItemGroup>
    <Text Include="METHODSTABLE.txt">
      <Filter>Resource Files</Filter>
    </Text>
  </ItemGroup>
</Project>